
Microsoft Visual Studio Solution File, Format Version 12.00
# Visual Studio Version 17
VisualStudioVersion = 17.14.36301.6
MinimumVisualStudioVersion = 10.0.40219.1
Project("{FAE04EC0-301F-11D3-BF4B-00C04F79EFBC}") = "BoardGameFramework", "Assignment 3\BoardGameFramework.csproj", "{C30D3731-975B-4B6C-996E-329036286CD5}"
EndProject
Global
	GlobalSection(SolutionConfigurationPlatforms) = preSolution
		Debug|Any CPU = Debug|Any CPU
		Release|Any CPU = Release|Any CPU
	EndGlobalSection
	GlobalSection(ProjectConfigurationPlatforms) = postSolution
		{C30D3731-975B-4B6C-996E-329036286CD5}.Debug|Any CPU.ActiveCfg = Debug|Any CPU
		{C30D3731-975B-4B6C-996E-329036286CD5}.Debug|Any CPU.Build.0 = Debug|Any CPU
		{C30D3731-975B-4B6C-996E-329036286CD5}.Release|Any CPU.ActiveCfg = Release|Any CPU
		{C30D3731-975B-4B6C-996E-329036286CD5}.Release|Any CPU.Build.0 = Release|Any CPU
	EndGlobalSection
	GlobalSection(SolutionProperties) = preSolution
		HideSolutionNode = FALSE
	EndGlobalSection
	GlobalSection(ExtensibilityGlobals) = postSolution
		SolutionGuid = {C2C9629C-886F-45F1-9671-28354DA6C051}
	EndGlobalSection
EndGlobal
